hash: d1f193d8620e39e73251da360f2c2e5d5124a0c9619d4dc4622c2173a1a0d6d0
updated: 2017-03-19T15:27:19.744187299-06:00
imports:
- name: github.com/rcrowley/go-metrics
  version: ab2277b1c5d15c3cba104e9cbddbdfc622df5ad8
- name: golang.org/x/net
  version: e99677b929f5a4903df369945bb205a61376b53f
  subpackages:
  - html
  - html/atom
  - websocket
- name: gopkg.in/redis.v5
  version: a16aeec10ff407b1e7be6dd35797ccf5426ef0f0
  subpackages:
  - internal
  - internal/consistenthash
  - internal/hashtag
  - internal/pool
  - internal/proto
testImports: []
